github.com/aK1r4z/emi-core v1.0.7 h1:MDJul1L15IZVfuo2qWib1bmpkN+Rwog7Lsw9Cdf2aWM=
github.com/aK1r4z/emi-core v1.0.7/go.mod h1:wtKg8MAzKIO7Tv37KGPDopjYI5I2fZLa00N9JRP+QLI=
github.com/gorilla/websocket v1.5.3 h1:saDtZ6Pbx/0u+bgYQ3q96pZgCzfhKXGPqt7kZ72aNNg=
github.com/gorilla/websocket v1.5.3/go.mod h1:YR8l580nyteQvAITg2hZ9XVh4b55+EU/adAjf1fMHhE=
